{
  "name": "minecraft-auto-test",
  "version": "0.1.0",
  "lockfileVersion": 3,
  "requires": true,
  "packages": {
    "": {
      "name": "minecraft-auto-test",
      "version": "0.1.0",
      "workspaces": [
        "cli"
      ],
      "engines": {
        "node": ">=20"
      }
    },
    "cli": {
      "name": "@mct/cli",
      "version": "0.1.0"
    },
    "node_modules/@mct/cli": {
      "resolved": "cli",
      "link": true
    }
  }
}
